
Microsoft Visual Studio Solution File, Format Version 12.00
# Visual Studio Version 16
VisualStudioVersion = 16.0.32126.315
MinimumVisualStudioVersion = 10.0.40219.1
Project("{00D1A9C2-B5F0-4AF3-8072-F6C62B433612}") = "DatawarehouseSucos", "DatawarehouseSucos\DatawarehouseSucos.sqlproj", "{E71EC894-D84D-4EA7-B007-ECCC7B08C9CD}"
EndProject
Project("{159641D6-6404-4A2A-AE62-294DE0FE8301}") = "CargaDatawarehouse", "CargaDatawarehouse\CargaDatawarehouse.dtproj", "{5D6007AB-743A-4DD6-936F-282A1BC9E879}"
EndProject
Global
	GlobalSection(SolutionConfigurationPlatforms) = preSolution
		Debug|Any CPU = Debug|Any CPU
		Development|Any CPU = Development|Any CPU
		Release|Any CPU = Release|Any CPU
	EndGlobalSection
	GlobalSection(ProjectConfigurationPlatforms) = postSolution
		{E71EC894-D84D-4EA7-B007-ECCC7B08C9CD}.Debug|Any CPU.ActiveCfg = Debug|Any CPU
		{E71EC894-D84D-4EA7-B007-ECCC7B08C9CD}.Debug|Any CPU.Build.0 = Debug|Any CPU
		{E71EC894-D84D-4EA7-B007-ECCC7B08C9CD}.Debug|Any CPU.Deploy.0 = Debug|Any CPU
		{E71EC894-D84D-4EA7-B007-ECCC7B08C9CD}.Development|Any CPU.ActiveCfg = Debug|Any CPU
		{E71EC894-D84D-4EA7-B007-ECCC7B08C9CD}.Development|Any CPU.Build.0 = Debug|Any CPU
		{E71EC894-D84D-4EA7-B007-ECCC7B08C9CD}.Development|Any CPU.Deploy.0 = Debug|Any CPU
		{E71EC894-D84D-4EA7-B007-ECCC7B08C9CD}.Release|Any CPU.ActiveCfg = Release|Any CPU
		{E71EC894-D84D-4EA7-B007-ECCC7B08C9CD}.Release|Any CPU.Build.0 = Release|Any CPU
		{E71EC894-D84D-4EA7-B007-ECCC7B08C9CD}.Release|Any CPU.Deploy.0 = Release|Any CPU
		{5D6007AB-743A-4DD6-936F-282A1BC9E879}.Debug|Any CPU.ActiveCfg = Development
		{5D6007AB-743A-4DD6-936F-282A1BC9E879}.Debug|Any CPU.Build.0 = Development
		{5D6007AB-743A-4DD6-936F-282A1BC9E879}.Development|Any CPU.ActiveCfg = Development
		{5D6007AB-743A-4DD6-936F-282A1BC9E879}.Development|Any CPU.Build.0 = Development
		{5D6007AB-743A-4DD6-936F-282A1BC9E879}.Release|Any CPU.ActiveCfg = Development
		{5D6007AB-743A-4DD6-936F-282A1BC9E879}.Release|Any CPU.Build.0 = Development
	EndGlobalSection
	GlobalSection(SolutionProperties) = preSolution
		HideSolutionNode = FALSE
	EndGlobalSection
	GlobalSection(ExtensibilityGlobals) = postSolution
		SolutionGuid = {2AB4F351-39E3-4183-A01E-C5F25F229781}
	EndGlobalSection
EndGlobal
